
Microsoft Visual Studio Solution File, Format Version 12.00
# Visual Studio 2015
Project("{FAE04EC0-301F-11D3-BF4B-00C04F79EFBC}") = "FPSGame", "FPSGame.csproj", "{275220D2-B3FB-3B17-0907-00B649282F6C}"
EndProject
Global
	GlobalSection(SolutionConfigurationPlatforms) = preSolution
		Debug|Any CPU = Debug|Any CPU
		Release|Any CPU = Release|Any CPU
	EndGlobalSection
	GlobalSection(ProjectConfigurationPlatforms) = postSolution
		{275220D2-B3FB-3B17-0907-00B649282F6C}.Debug|Any CPU.ActiveCfg = Debug|Any CPU
		{275220D2-B3FB-3B17-0907-00B649282F6C}.Debug|Any CPU.Build.0 = Debug|Any CPU
		{275220D2-B3FB-3B17-0907-00B649282F6C}.Release|Any CPU.ActiveCfg = Release|Any CPU
		{275220D2-B3FB-3B17-0907-00B649282F6C}.Release|Any CPU.Build.0 = Release|Any CPU
	EndGlobalSection
	GlobalSection(SolutionProperties) = preSolution
		HideSolutionNode = FALSE
	EndGlobalSection
EndGlobal
